
Microsoft Visual Studio Solution File, Format Version 12.00
Project("{2150E333-8FDC-42A3-9474-1A3956D46DE8}") = "src", "src", "{04621DE9-569E-482F-9D04-E5AA6E2BD45E}"
EndProject
Project("{FAE04EC0-301F-11D3-BF4B-00C04F79EFBC}") = "Radzinsky.Host", "src\Radzinsky.Host\Radzinsky.Host.csproj", "{D638672E-D149-4A9A-9948-A92104A7A96F}"
EndProject
Project("{FAE04EC0-301F-11D3-BF4B-00C04F79EFBC}") = "Radzinsky.Framework", "src\Radzinsky.Framework\Radzinsky.Framework.csproj", "{6F492AFE-5B58-42F0-9749-52206CDBF76B}"
EndProject
Project("{FAE04EC0-301F-11D3-BF4B-00C04F79EFBC}") = "Radzinsky.Endpoints", "src\Radzinsky.Endpoints\Radzinsky.Endpoints.csproj", "{7922F9D1-E6E9-4789-AD64-7BA096C72EBF}"
EndProject
Project("{FAE04EC0-301F-11D3-BF4B-00C04F79EFBC}") = "Radzinsky.Persistence", "src\Radzinsky.Persistence\Radzinsky.Persistence.csproj", "{5FEEE9E9-F425-481B-AF93-2453950EFC99}"
EndProject
Global
	GlobalSection(SolutionConfigurationPlatforms) = preSolution
		Debug|Any CPU = Debug|Any CPU
		Release|Any CPU = Release|Any CPU
	EndGlobalSection
	GlobalSection(ProjectConfigurationPlatforms) = postSolution
		{D638672E-D149-4A9A-9948-A92104A7A96F}.Debug|Any CPU.ActiveCfg = Debug|Any CPU
		{D638672E-D149-4A9A-9948-A92104A7A96F}.Debug|Any CPU.Build.0 = Debug|Any CPU
		{D638672E-D149-4A9A-9948-A92104A7A96F}.Release|Any CPU.ActiveCfg = Release|Any CPU
		{D638672E-D149-4A9A-9948-A92104A7A96F}.Release|Any CPU.Build.0 = Release|Any CPU
		{6F492AFE-5B58-42F0-9749-52206CDBF76B}.Debug|Any CPU.ActiveCfg = Debug|Any CPU
		{6F492AFE-5B58-42F0-9749-52206CDBF76B}.Debug|Any CPU.Build.0 = Debug|Any CPU
		{6F492AFE-5B58-42F0-9749-52206CDBF76B}.Release|Any CPU.ActiveCfg = Release|Any CPU
		{6F492AFE-5B58-42F0-9749-52206CDBF76B}.Release|Any CPU.Build.0 = Release|Any CPU
		{7922F9D1-E6E9-4789-AD64-7BA096C72EBF}.Debug|Any CPU.ActiveCfg = Debug|Any CPU
		{7922F9D1-E6E9-4789-AD64-7BA096C72EBF}.Debug|Any CPU.Build.0 = Debug|Any CPU
		{7922F9D1-E6E9-4789-AD64-7BA096C72EBF}.Release|Any CPU.ActiveCfg = Release|Any CPU
		{7922F9D1-E6E9-4789-AD64-7BA096C72EBF}.Release|Any CPU.Build.0 = Release|Any CPU
		{5FEEE9E9-F425-481B-AF93-2453950EFC99}.Debug|Any CPU.ActiveCfg = Debug|Any CPU
		{5FEEE9E9-F425-481B-AF93-2453950EFC99}.Debug|Any CPU.Build.0 = Debug|Any CPU
		{5FEEE9E9-F425-481B-AF93-2453950EFC99}.Release|Any CPU.ActiveCfg = Release|Any CPU
		{5FEEE9E9-F425-481B-AF93-2453950EFC99}.Release|Any CPU.Build.0 = Release|Any CPU
	EndGlobalSection
	GlobalSection(NestedProjects) = preSolution
		{D638672E-D149-4A9A-9948-A92104A7A96F} = {04621DE9-569E-482F-9D04-E5AA6E2BD45E}
		{6F492AFE-5B58-42F0-9749-52206CDBF76B} = {04621DE9-569E-482F-9D04-E5AA6E2BD45E}
		{7922F9D1-E6E9-4789-AD64-7BA096C72EBF} = {04621DE9-569E-482F-9D04-E5AA6E2BD45E}
		{5FEEE9E9-F425-481B-AF93-2453950EFC99} = {04621DE9-569E-482F-9D04-E5AA6E2BD45E}
	EndGlobalSection
EndGlobal
